
Microsoft Visual Studio Solution File, Format Version 12.00
# Visual Studio Version 17
VisualStudioVersion = 17.5.002.0
MinimumVisualStudioVersion = 10.0.40219.1
Project("{9A19103F-16F7-4668-BE54-9A1E7A4F7556}") = "DomainsParser", "DomainsParser.csproj", "{97A43F47-62C6-4654-8FAF-AB7BE75B8439}"
EndProject
Global
	GlobalSection(SolutionConfigurationPlatforms) = preSolution
		Debug|Any CPU = Debug|Any CPU
		Release|Any CPU = Release|Any CPU
	EndGlobalSection
	GlobalSection(ProjectConfigurationPlatforms) = postSolution
		{97A43F47-62C6-4654-8FAF-AB7BE75B8439}.Debug|Any CPU.ActiveCfg = Debug|Any CPU
		{97A43F47-62C6-4654-8FAF-AB7BE75B8439}.Debug|Any CPU.Build.0 = Debug|Any CPU
		{97A43F47-62C6-4654-8FAF-AB7BE75B8439}.Release|Any CPU.ActiveCfg = Release|Any CPU
		{97A43F47-62C6-4654-8FAF-AB7BE75B8439}.Release|Any CPU.Build.0 = Release|Any CPU
	EndGlobalSection
	GlobalSection(SolutionProperties) = preSolution
		HideSolutionNode = FALSE
	EndGlobalSection
	GlobalSection(ExtensibilityGlobals) = postSolution
		SolutionGuid = {F50406C8-B218-41EC-AAF5-D724E7D6C60D}
	EndGlobalSection
EndGlobal
